
Microsoft Visual Studio Solution File, Format Version 12.00
# Visual Studio Version 17
VisualStudioVersion = 17.7.34221.43
MinimumVisualStudioVersion = 10.0.40219.1
Project("{FAE04EC0-301F-11D3-BF4B-00C04F79EFBC}") = "HotelManagement", "HotelManagement.csproj", "{ADFE1344-4FFB-4BFF-9174-0F0708C3AD30}"
EndProject
Global
	GlobalSection(SolutionConfigurationPlatforms) = preSolution
		Debug|Any CPU = Debug|Any CPU
		Release|Any CPU = Release|Any CPU
	EndGlobalSection
	GlobalSection(ProjectConfigurationPlatforms) = postSolution
		{ADFE1344-4FFB-4BFF-9174-0F0708C3AD30}.Debug|Any CPU.ActiveCfg = Debug|Any CPU
		{ADFE1344-4FFB-4BFF-9174-0F0708C3AD30}.Debug|Any CPU.Build.0 = Debug|Any CPU
		{ADFE1344-4FFB-4BFF-9174-0F0708C3AD30}.Release|Any CPU.ActiveCfg = Release|Any CPU
		{ADFE1344-4FFB-4BFF-9174-0F0708C3AD30}.Release|Any CPU.Build.0 = Release|Any CPU
	EndGlobalSection
	GlobalSection(SolutionProperties) = preSolution
		HideSolutionNode = FALSE
	EndGlobalSection
	GlobalSection(ExtensibilityGlobals) = postSolution
		SolutionGuid = {BA73C8E4-57A6-4F32-8F05-13262EB63031}
	EndGlobalSection
EndGlobal
